
Microsoft Visual Studio Solution File, Format Version 12.00
# Visual Studio Version 17
VisualStudioVersion = 17.11.35327.3
MinimumVisualStudioVersion = 10.0.40219.1
Project("{2150E333-8FDC-42A3-9474-1A3956D46DE8}") = "Attributes", "Attributes", "{BB7609A4-7157-49BA-8867-118529A6979A}"
EndProject
Project("{9A19103F-16F7-4668-BE54-9A1E7A4F7556}") = "ValidationAttribute", "ValidationAttribute\ValidationAttribute.csproj", "{A4725ED5-84E0-4CAF-88D4-EEAE7DB9A56E}"
EndProject
Project("{9A19103F-16F7-4668-BE54-9A1E7A4F7556}") = "ProxcyService", "ProxcyService\ProxcyService.csproj", "{0571E777-B35E-4985-A179-0DCB94CE00E7}"
EndProject
Project("{9A19103F-16F7-4668-BE54-9A1E7A4F7556}") = "CachingAttribute", "CachingAttribute\CachingAttribute.csproj", "{C17CB05B-57F8-449C-BF72-51499D6CFBEF}"
EndProject
Project("{9A19103F-16F7-4668-BE54-9A1E7A4F7556}") = "AccsessControl", "AccsessControle\AccsessControl.csproj", "{1A51D17C-42D0-4EDC-9CD2-F1F729D4DCBF}"
EndProject
Project("{2150E333-8FDC-42A3-9474-1A3956D46DE8}") = "Collections", "Collections", "{AA3F4FDC-ECB1-44CD-942C-69457458749C}"
EndProject
Project("{9A19103F-16F7-4668-BE54-9A1E7A4F7556}") = "CustomList(Generic)", "CustomList\CustomList(Generic).csproj", "{59FC5280-9C0B-49CE-A82E-6282D60FEAE6}"
EndProject
Project("{9A19103F-16F7-4668-BE54-9A1E7A4F7556}") = "CustomQueue", "CustomQueue\CustomQueue.csproj", "{F34EC697-77C5-432D-860D-AD1D43A00C09}"
EndProject
Project("{9A19103F-16F7-4668-BE54-9A1E7A4F7556}") = "CustomStack", "CustomStack\CustomStack.csproj", "{C3EDBDF8-2B50-46E4-83D4-B7E7793E1B47}"
EndProject
Project("{9A19103F-16F7-4668-BE54-9A1E7A4F7556}") = "CustomDicitonary", "CustomDicitonary\CustomDicitonary.csproj", "{7F513393-2A86-49AC-9E4F-45E6A4AB1D11}"
EndProject
Project("{9A19103F-16F7-4668-BE54-9A1E7A4F7556}") = "CustomLinkedList", "CustomLinkedList\CustomLinkedList.csproj", "{AD3447F2-EFD7-491B-957A-3763BFCD4548}"
EndProject
Project("{9A19103F-16F7-4668-BE54-9A1E7A4F7556}") = "CustomHashSet", "CustomHashSet\CustomHashSet.csproj", "{55421B45-2124-4E70-922D-065882DB63A3}"
EndProject
Project("{2150E333-8FDC-42A3-9474-1A3956D46DE8}") = "DesignPatterns", "DesignPatterns", "{ACC2B389-09EB-4766-96D7-8316FFCAF367}"
EndProject
Project("{2150E333-8FDC-42A3-9474-1A3956D46DE8}") = "Solution Items", "Solution Items", "{8B806E74-99D7-4956-95B1-77D65E32F9CE}"
	ProjectSection(SolutionItems) = preProject
		.editorconfig = .editorconfig
	EndProjectSection
EndProject
Project("{9A19103F-16F7-4668-BE54-9A1E7A4F7556}") = "Enumerable", "Enumerable\Enumerable.csproj", "{018DB968-B499-4EDD-B4C1-E6A9400C06B0}"
EndProject
Project("{2150E333-8FDC-42A3-9474-1A3956D46DE8}") = "LINQ", "LINQ", "{1B089E35-812A-40FF-9B46-44DA797CF871}"
EndProject
Project("{9A19103F-16F7-4668-BE54-9A1E7A4F7556}") = "LINQtoObject", "LINQ_TO_OBJECT\LINQtoObject.csproj", "{4DFE913C-1F87-4D80-98FE-55D7526F5A55}"
EndProject
Project("{9A19103F-16F7-4668-BE54-9A1E7A4F7556}") = "LINQtoSQL", "LINQtoSQL\LINQtoSQL.csproj", "{98FE48E7-A292-479F-BCE4-E1A950EA0715}"
EndProject
Project("{2150E333-8FDC-42A3-9474-1A3956D46DE8}") = "SomeInterfaces", "SomeInterfaces", "{4BF7C020-368C-4FC6-875F-52350A91FC74}"
EndProject
Project("{9A19103F-16F7-4668-BE54-9A1E7A4F7556}") = "Comperable", "Comperable\Comperable.csproj", "{EDA8BD89-0647-4176-9014-5ACAF5D22242}"
EndProject
Project("{9A19103F-16F7-4668-BE54-9A1E7A4F7556}") = "Disposable", "Disposable\Disposable.csproj", "{9ECDB830-E447-40C3-A759-F2BAB18283DA}"
EndProject
Project("{9A19103F-16F7-4668-BE54-9A1E7A4F7556}") = "Clonable", "Clonable\Clonable.csproj", "{24225D4A-D00B-4A05-94E0-C07A85DE155A}"
EndProject
Project("{2150E333-8FDC-42A3-9474-1A3956D46DE8}") = "MultiThreading And Async Programming", "MultiThreading And Async Programming", "{CE68AE56-8F79-4A56-94D5-88E90779A3F5}"
EndProject
Project("{9A19103F-16F7-4668-BE54-9A1E7A4F7556}") = "CustomThreadSafeQueue", "CustomThreadSafeQueue\CustomThreadSafeQueue.csproj", "{9415C8D5-BC84-4175-9289-834D4606E26F}"
EndProject
Project("{9A19103F-16F7-4668-BE54-9A1E7A4F7556}") = "CustomThreadPoolImplementation", "CustomThreadPoolImplementation\CustomThreadPoolImplementation.csproj", "{44AD375C-A1AE-4319-BF1E-C1E0CA158AFE}"
EndProject
Project("{9A19103F-16F7-4668-BE54-9A1E7A4F7556}") = "CustomThreadSafeCache", "CustomThreadSafeCache\CustomThreadSafeCache.csproj", "{E1E90C68-1666-4D91-B8DC-4A7C4AC91D98}"
EndProject
Project("{9A19103F-16F7-4668-BE54-9A1E7A4F7556}") = "I.O. operationsAsynchronusly", "I.O. operationsAsynchronusly\I.O. operationsAsynchronusly.csproj", "{F8E0DB0F-681D-4A96-951F-A8C095377BAB}"
EndProject
Project("{2150E333-8FDC-42A3-9474-1A3956D46DE8}") = "Tasks", "Tasks", "{3584F223-F45A-4ABF-9079-89B5738B057A}"
EndProject
Project("{2150E333-8FDC-42A3-9474-1A3956D46DE8}") = "AsyncAwait", "AsyncAwait", "{98A37244-FA2A-4913-9E57-3FA4E3E22B56}"
EndProject
Project("{FAE04EC0-301F-11D3-BF4B-00C04F79EFBC}") = "Scheduler", "Scheduler\Scheduler.csproj", "{5033CADC-8A13-4C7E-ADD9-993CB73F7DC6}"
EndProject
Global
	GlobalSection(SolutionConfigurationPlatforms) = preSolution
		Debug|Any CPU = Debug|Any CPU
		Release|Any CPU = Release|Any CPU
	EndGlobalSection
	GlobalSection(ProjectConfigurationPlatforms) = postSolution
		{A4725ED5-84E0-4CAF-88D4-EEAE7DB9A56E}.Debug|Any CPU.ActiveCfg = Debug|Any CPU
		{A4725ED5-84E0-4CAF-88D4-EEAE7DB9A56E}.Debug|Any CPU.Build.0 = Debug|Any CPU
		{A4725ED5-84E0-4CAF-88D4-EEAE7DB9A56E}.Release|Any CPU.ActiveCfg = Release|Any CPU
		{A4725ED5-84E0-4CAF-88D4-EEAE7DB9A56E}.Release|Any CPU.Build.0 = Release|Any CPU
		{0571E777-B35E-4985-A179-0DCB94CE00E7}.Debug|Any CPU.ActiveCfg = Debug|Any CPU
		{0571E777-B35E-4985-A179-0DCB94CE00E7}.Debug|Any CPU.Build.0 = Debug|Any CPU
		{0571E777-B35E-4985-A179-0DCB94CE00E7}.Release|Any CPU.ActiveCfg = Release|Any CPU
		{0571E777-B35E-4985-A179-0DCB94CE00E7}.Release|Any CPU.Build.0 = Release|Any CPU
		{C17CB05B-57F8-449C-BF72-51499D6CFBEF}.Debug|Any CPU.ActiveCfg = Debug|Any CPU
		{C17CB05B-57F8-449C-BF72-51499D6CFBEF}.Debug|Any CPU.Build.0 = Debug|Any CPU
		{C17CB05B-57F8-449C-BF72-51499D6CFBEF}.Release|Any CPU.ActiveCfg = Release|Any CPU
		{C17CB05B-57F8-449C-BF72-51499D6CFBEF}.Release|Any CPU.Build.0 = Release|Any CPU
		{1A51D17C-42D0-4EDC-9CD2-F1F729D4DCBF}.Debug|Any CPU.ActiveCfg = Debug|Any CPU
		{1A51D17C-42D0-4EDC-9CD2-F1F729D4DCBF}.Debug|Any CPU.Build.0 = Debug|Any CPU
		{1A51D17C-42D0-4EDC-9CD2-F1F729D4DCBF}.Release|Any CPU.ActiveCfg = Release|Any CPU
		{1A51D17C-42D0-4EDC-9CD2-F1F729D4DCBF}.Release|Any CPU.Build.0 = Release|Any CPU
		{59FC5280-9C0B-49CE-A82E-6282D60FEAE6}.Debug|Any CPU.ActiveCfg = Debug|Any CPU
		{59FC5280-9C0B-49CE-A82E-6282D60FEAE6}.Debug|Any CPU.Build.0 = Debug|Any CPU
		{59FC5280-9C0B-49CE-A82E-6282D60FEAE6}.Release|Any CPU.ActiveCfg = Release|Any CPU
		{59FC5280-9C0B-49CE-A82E-6282D60FEAE6}.Release|Any CPU.Build.0 = Release|Any CPU
		{F34EC697-77C5-432D-860D-AD1D43A00C09}.Debug|Any CPU.ActiveCfg = Debug|Any CPU
		{F34EC697-77C5-432D-860D-AD1D43A00C09}.Debug|Any CPU.Build.0 = Debug|Any CPU
		{F34EC697-77C5-432D-860D-AD1D43A00C09}.Release|Any CPU.ActiveCfg = Release|Any CPU
		{F34EC697-77C5-432D-860D-AD1D43A00C09}.Release|Any CPU.Build.0 = Release|Any CPU
		{C3EDBDF8-2B50-46E4-83D4-B7E7793E1B47}.Debug|Any CPU.ActiveCfg = Debug|Any CPU
		{C3EDBDF8-2B50-46E4-83D4-B7E7793E1B47}.Debug|Any CPU.Build.0 = Debug|Any CPU
		{C3EDBDF8-2B50-46E4-83D4-B7E7793E1B47}.Release|Any CPU.ActiveCfg = Release|Any CPU
		{C3EDBDF8-2B50-46E4-83D4-B7E7793E1B47}.Release|Any CPU.Build.0 = Release|Any CPU
		{7F513393-2A86-49AC-9E4F-45E6A4AB1D11}.Debug|Any CPU.ActiveCfg = Debug|Any CPU
		{7F513393-2A86-49AC-9E4F-45E6A4AB1D11}.Debug|Any CPU.Build.0 = Debug|Any CPU
		{7F513393-2A86-49AC-9E4F-45E6A4AB1D11}.Release|Any CPU.ActiveCfg = Release|Any CPU
		{7F513393-2A86-49AC-9E4F-45E6A4AB1D11}.Release|Any CPU.Build.0 = Release|Any CPU
		{AD3447F2-EFD7-491B-957A-3763BFCD4548}.Debug|Any CPU.ActiveCfg = Debug|Any CPU
		{AD3447F2-EFD7-491B-957A-3763BFCD4548}.Debug|Any CPU.Build.0 = Debug|Any CPU
		{AD3447F2-EFD7-491B-957A-3763BFCD4548}.Release|Any CPU.ActiveCfg = Release|Any CPU
		{AD3447F2-EFD7-491B-957A-3763BFCD4548}.Release|Any CPU.Build.0 = Release|Any CPU
		{55421B45-2124-4E70-922D-065882DB63A3}.Debug|Any CPU.ActiveCfg = Debug|Any CPU
		{55421B45-2124-4E70-922D-065882DB63A3}.Debug|Any CPU.Build.0 = Debug|Any CPU
		{55421B45-2124-4E70-922D-065882DB63A3}.Release|Any CPU.ActiveCfg = Release|Any CPU
		{55421B45-2124-4E70-922D-065882DB63A3}.Release|Any CPU.Build.0 = Release|Any CPU
		{018DB968-B499-4EDD-B4C1-E6A9400C06B0}.Debug|Any CPU.ActiveCfg = Debug|Any CPU
		{018DB968-B499-4EDD-B4C1-E6A9400C06B0}.Debug|Any CPU.Build.0 = Debug|Any CPU
		{018DB968-B499-4EDD-B4C1-E6A9400C06B0}.Release|Any CPU.ActiveCfg = Release|Any CPU
		{018DB968-B499-4EDD-B4C1-E6A9400C06B0}.Release|Any CPU.Build.0 = Release|Any CPU
		{4DFE913C-1F87-4D80-98FE-55D7526F5A55}.Debug|Any CPU.ActiveCfg = Debug|Any CPU
		{4DFE913C-1F87-4D80-98FE-55D7526F5A55}.Debug|Any CPU.Build.0 = Debug|Any CPU
		{4DFE913C-1F87-4D80-98FE-55D7526F5A55}.Release|Any CPU.ActiveCfg = Release|Any CPU
		{4DFE913C-1F87-4D80-98FE-55D7526F5A55}.Release|Any CPU.Build.0 = Release|Any CPU
		{98FE48E7-A292-479F-BCE4-E1A950EA0715}.Debug|Any CPU.ActiveCfg = Debug|Any CPU
		{98FE48E7-A292-479F-BCE4-E1A950EA0715}.Debug|Any CPU.Build.0 = Debug|Any CPU
		{98FE48E7-A292-479F-BCE4-E1A950EA0715}.Release|Any CPU.ActiveCfg = Release|Any CPU
		{98FE48E7-A292-479F-BCE4-E1A950EA0715}.Release|Any CPU.Build.0 = Release|Any CPU
		{EDA8BD89-0647-4176-9014-5ACAF5D22242}.Debug|Any CPU.ActiveCfg = Debug|Any CPU
		{EDA8BD89-0647-4176-9014-5ACAF5D22242}.Debug|Any CPU.Build.0 = Debug|Any CPU
		{EDA8BD89-0647-4176-9014-5ACAF5D22242}.Release|Any CPU.ActiveCfg = Release|Any CPU
		{EDA8BD89-0647-4176-9014-5ACAF5D22242}.Release|Any CPU.Build.0 = Release|Any CPU
		{9ECDB830-E447-40C3-A759-F2BAB18283DA}.Debug|Any CPU.ActiveCfg = Debug|Any CPU
		{9ECDB830-E447-40C3-A759-F2BAB18283DA}.Debug|Any CPU.Build.0 = Debug|Any CPU
		{9ECDB830-E447-40C3-A759-F2BAB18283DA}.Release|Any CPU.ActiveCfg = Release|Any CPU
		{9ECDB830-E447-40C3-A759-F2BAB18283DA}.Release|Any CPU.Build.0 = Release|Any CPU
		{24225D4A-D00B-4A05-94E0-C07A85DE155A}.Debug|Any CPU.ActiveCfg = Debug|Any CPU
		{24225D4A-D00B-4A05-94E0-C07A85DE155A}.Debug|Any CPU.Build.0 = Debug|Any CPU
		{24225D4A-D00B-4A05-94E0-C07A85DE155A}.Release|Any CPU.ActiveCfg = Release|Any CPU
		{24225D4A-D00B-4A05-94E0-C07A85DE155A}.Release|Any CPU.Build.0 = Release|Any CPU
		{9415C8D5-BC84-4175-9289-834D4606E26F}.Debug|Any CPU.ActiveCfg = Debug|Any CPU
		{9415C8D5-BC84-4175-9289-834D4606E26F}.Debug|Any CPU.Build.0 = Debug|Any CPU
		{9415C8D5-BC84-4175-9289-834D4606E26F}.Release|Any CPU.ActiveCfg = Release|Any CPU
		{9415C8D5-BC84-4175-9289-834D4606E26F}.Release|Any CPU.Build.0 = Release|Any CPU
		{44AD375C-A1AE-4319-BF1E-C1E0CA158AFE}.Debug|Any CPU.ActiveCfg = Debug|Any CPU
		{44AD375C-A1AE-4319-BF1E-C1E0CA158AFE}.Debug|Any CPU.Build.0 = Debug|Any CPU
		{44AD375C-A1AE-4319-BF1E-C1E0CA158AFE}.Release|Any CPU.ActiveCfg = Release|Any CPU
		{44AD375C-A1AE-4319-BF1E-C1E0CA158AFE}.Release|Any CPU.Build.0 = Release|Any CPU
		{E1E90C68-1666-4D91-B8DC-4A7C4AC91D98}.Debug|Any CPU.ActiveCfg = Debug|Any CPU
		{E1E90C68-1666-4D91-B8DC-4A7C4AC91D98}.Debug|Any CPU.Build.0 = Debug|Any CPU
		{E1E90C68-1666-4D91-B8DC-4A7C4AC91D98}.Release|Any CPU.ActiveCfg = Release|Any CPU
		{E1E90C68-1666-4D91-B8DC-4A7C4AC91D98}.Release|Any CPU.Build.0 = Release|Any CPU
		{F8E0DB0F-681D-4A96-951F-A8C095377BAB}.Debug|Any CPU.ActiveCfg = Debug|Any CPU
		{F8E0DB0F-681D-4A96-951F-A8C095377BAB}.Debug|Any CPU.Build.0 = Debug|Any CPU
		{F8E0DB0F-681D-4A96-951F-A8C095377BAB}.Release|Any CPU.ActiveCfg = Release|Any CPU
		{F8E0DB0F-681D-4A96-951F-A8C095377BAB}.Release|Any CPU.Build.0 = Release|Any CPU
		{5033CADC-8A13-4C7E-ADD9-993CB73F7DC6}.Debug|Any CPU.ActiveCfg = Debug|Any CPU
		{5033CADC-8A13-4C7E-ADD9-993CB73F7DC6}.Debug|Any CPU.Build.0 = Debug|Any CPU
		{5033CADC-8A13-4C7E-ADD9-993CB73F7DC6}.Release|Any CPU.ActiveCfg = Release|Any CPU
		{5033CADC-8A13-4C7E-ADD9-993CB73F7DC6}.Release|Any CPU.Build.0 = Release|Any CPU
	EndGlobalSection
	GlobalSection(SolutionProperties) = preSolution
		HideSolutionNode = FALSE
	EndGlobalSection
	GlobalSection(NestedProjects) = preSolution
		{A4725ED5-84E0-4CAF-88D4-EEAE7DB9A56E} = {BB7609A4-7157-49BA-8867-118529A6979A}
		{0571E777-B35E-4985-A179-0DCB94CE00E7} = {BB7609A4-7157-49BA-8867-118529A6979A}
		{C17CB05B-57F8-449C-BF72-51499D6CFBEF} = {BB7609A4-7157-49BA-8867-118529A6979A}
		{1A51D17C-42D0-4EDC-9CD2-F1F729D4DCBF} = {BB7609A4-7157-49BA-8867-118529A6979A}
		{59FC5280-9C0B-49CE-A82E-6282D60FEAE6} = {AA3F4FDC-ECB1-44CD-942C-69457458749C}
		{F34EC697-77C5-432D-860D-AD1D43A00C09} = {AA3F4FDC-ECB1-44CD-942C-69457458749C}
		{C3EDBDF8-2B50-46E4-83D4-B7E7793E1B47} = {AA3F4FDC-ECB1-44CD-942C-69457458749C}
		{7F513393-2A86-49AC-9E4F-45E6A4AB1D11} = {AA3F4FDC-ECB1-44CD-942C-69457458749C}
		{AD3447F2-EFD7-491B-957A-3763BFCD4548} = {AA3F4FDC-ECB1-44CD-942C-69457458749C}
		{55421B45-2124-4E70-922D-065882DB63A3} = {AA3F4FDC-ECB1-44CD-942C-69457458749C}
		{018DB968-B499-4EDD-B4C1-E6A9400C06B0} = {AA3F4FDC-ECB1-44CD-942C-69457458749C}
		{4DFE913C-1F87-4D80-98FE-55D7526F5A55} = {1B089E35-812A-40FF-9B46-44DA797CF871}
		{98FE48E7-A292-479F-BCE4-E1A950EA0715} = {1B089E35-812A-40FF-9B46-44DA797CF871}
		{EDA8BD89-0647-4176-9014-5ACAF5D22242} = {4BF7C020-368C-4FC6-875F-52350A91FC74}
		{9ECDB830-E447-40C3-A759-F2BAB18283DA} = {4BF7C020-368C-4FC6-875F-52350A91FC74}
		{24225D4A-D00B-4A05-94E0-C07A85DE155A} = {4BF7C020-368C-4FC6-875F-52350A91FC74}
		{9415C8D5-BC84-4175-9289-834D4606E26F} = {CE68AE56-8F79-4A56-94D5-88E90779A3F5}
		{44AD375C-A1AE-4319-BF1E-C1E0CA158AFE} = {CE68AE56-8F79-4A56-94D5-88E90779A3F5}
		{E1E90C68-1666-4D91-B8DC-4A7C4AC91D98} = {CE68AE56-8F79-4A56-94D5-88E90779A3F5}
		{F8E0DB0F-681D-4A96-951F-A8C095377BAB} = {CE68AE56-8F79-4A56-94D5-88E90779A3F5}
		{5033CADC-8A13-4C7E-ADD9-993CB73F7DC6} = {CE68AE56-8F79-4A56-94D5-88E90779A3F5}
	EndGlobalSection
	GlobalSection(ExtensibilityGlobals) = postSolution
		SolutionGuid = {BEA1290D-1600-4CBB-A53D-F87844B8F91B}
	EndGlobalSection
EndGlobal
